
Microsoft Visual Studio Solution File, Format Version 12.00
# Visual Studio Version 17
VisualStudioVersion = 17.5.33424.131
MinimumVisualStudioVersion = 10.0.40219.1
Project("{FAE04EC0-301F-11D3-BF4B-00C04F79EFBC}") = "Examen_Progra_RAD.Android", "Examen_Progra_RAD\Examen_Progra_RAD.Android\Examen_Progra_RAD.Android.csproj", "{9BDB0D80-F98C-48F8-AAA5-5915E5010C43}"
EndProject
Project("{FAE04EC0-301F-11D3-BF4B-00C04F79EFBC}") = "Examen_Progra_RAD", "Examen_Progra_RAD\Examen_Progra_RAD\Examen_Progra_RAD.csproj", "{F2120F81-6D5F-405A-A43C-5538D9258339}"
EndProject
Global
	GlobalSection(SolutionConfigurationPlatforms) = preSolution
		Debug|Any CPU = Debug|Any CPU
		Release|Any CPU = Release|Any CPU
	EndGlobalSection
	GlobalSection(ProjectConfigurationPlatforms) = postSolution
		{9BDB0D80-F98C-48F8-AAA5-5915E5010C43}.Debug|Any CPU.ActiveCfg = Debug|Any CPU
		{9BDB0D80-F98C-48F8-AAA5-5915E5010C43}.Debug|Any CPU.Build.0 = Debug|Any CPU
		{9BDB0D80-F98C-48F8-AAA5-5915E5010C43}.Debug|Any CPU.Deploy.0 = Debug|Any CPU
		{9BDB0D80-F98C-48F8-AAA5-5915E5010C43}.Release|Any CPU.ActiveCfg = Release|Any CPU
		{9BDB0D80-F98C-48F8-AAA5-5915E5010C43}.Release|Any CPU.Build.0 = Release|Any CPU
		{9BDB0D80-F98C-48F8-AAA5-5915E5010C43}.Release|Any CPU.Deploy.0 = Release|Any CPU
		{F2120F81-6D5F-405A-A43C-5538D9258339}.Debug|Any CPU.ActiveCfg = Debug|Any CPU
		{F2120F81-6D5F-405A-A43C-5538D9258339}.Debug|Any CPU.Build.0 = Debug|Any CPU
		{F2120F81-6D5F-405A-A43C-5538D9258339}.Debug|Any CPU.Deploy.0 = Debug|Any CPU
		{F2120F81-6D5F-405A-A43C-5538D9258339}.Release|Any CPU.ActiveCfg = Release|Any CPU
		{F2120F81-6D5F-405A-A43C-5538D9258339}.Release|Any CPU.Build.0 = Release|Any CPU
		{F2120F81-6D5F-405A-A43C-5538D9258339}.Release|Any CPU.Deploy.0 = Release|Any CPU
	EndGlobalSection
	GlobalSection(SolutionProperties) = preSolution
		HideSolutionNode = FALSE
	EndGlobalSection
	GlobalSection(ExtensibilityGlobals) = postSolution
		SolutionGuid = {F77CB1A2-9034-4193-B491-5F57DD453083}
	EndGlobalSection
EndGlobal
